
Microsoft Visual Studio Solution File, Format Version 12.00
# Visual Studio Version 17
VisualStudioVersion = 17.3.32929.385
MinimumVisualStudioVersion = 10.0.40219.1
Project("{FAE04EC0-301F-11D3-BF4B-00C04F79EFBC}") = "MbedtlsReader", "MbedtlsReader\MbedtlsReader.csproj", "{92629189-C86E-4DFA-B8BF-75D1FA1AFCCF}"
EndProject
Global
	GlobalSection(SolutionConfigurationPlatforms) = preSolution
		Debug|Any CPU = Debug|Any CPU
		Release|Any CPU = Release|Any CPU
	EndGlobalSection
	GlobalSection(ProjectConfigurationPlatforms) = postSolution
		{92629189-C86E-4DFA-B8BF-75D1FA1AFCCF}.Debug|Any CPU.ActiveCfg = Debug|Any CPU
		{92629189-C86E-4DFA-B8BF-75D1FA1AFCCF}.Debug|Any CPU.Build.0 = Debug|Any CPU
		{92629189-C86E-4DFA-B8BF-75D1FA1AFCCF}.Release|Any CPU.ActiveCfg = Release|Any CPU
		{92629189-C86E-4DFA-B8BF-75D1FA1AFCCF}.Release|Any CPU.Build.0 = Release|Any CPU
	EndGlobalSection
	GlobalSection(SolutionProperties) = preSolution
		HideSolutionNode = FALSE
	EndGlobalSection
	GlobalSection(ExtensibilityGlobals) = postSolution
		SolutionGuid = {83EEBDE0-035E-4605-9FC6-FEC15AFB4942}
	EndGlobalSection
EndGlobal
