
Microsoft Visual Studio Solution File, Format Version 12.00
# Visual Studio Version 17
VisualStudioVersion = 17.3.32901.215
MinimumVisualStudioVersion = 10.0.40219.1
Project("{FAE04EC0-301F-11D3-BF4B-00C04F79EFBC}") = "SymbolConveter.Tests", "tests\SymbolConveter.Tests\SymbolConveter.Tests.csproj", "{EFCD4E40-935C-4AB0-9D9F-D984AF689677}"
EndProject
Project("{9A19103F-16F7-4668-BE54-9A1E7A4F7556}") = "SymbolConverter", "src\SymbolConverter\SymbolConverter.csproj", "{3FF83F30-84A7-4DCC-B707-6C072CDEB3D7}"
EndProject
Global
	GlobalSection(SolutionConfigurationPlatforms) = preSolution
		Debug|Any CPU = Debug|Any CPU
		Release|Any CPU = Release|Any CPU
	EndGlobalSection
	GlobalSection(ProjectConfigurationPlatforms) = postSolution
		{EFCD4E40-935C-4AB0-9D9F-D984AF689677}.Debug|Any CPU.ActiveCfg = Debug|Any CPU
		{EFCD4E40-935C-4AB0-9D9F-D984AF689677}.Debug|Any CPU.Build.0 = Debug|Any CPU
		{EFCD4E40-935C-4AB0-9D9F-D984AF689677}.Release|Any CPU.ActiveCfg = Release|Any CPU
		{EFCD4E40-935C-4AB0-9D9F-D984AF689677}.Release|Any CPU.Build.0 = Release|Any CPU
		{3FF83F30-84A7-4DCC-B707-6C072CDEB3D7}.Debug|Any CPU.ActiveCfg = Debug|Any CPU
		{3FF83F30-84A7-4DCC-B707-6C072CDEB3D7}.Debug|Any CPU.Build.0 = Debug|Any CPU
		{3FF83F30-84A7-4DCC-B707-6C072CDEB3D7}.Release|Any CPU.ActiveCfg = Release|Any CPU
		{3FF83F30-84A7-4DCC-B707-6C072CDEB3D7}.Release|Any CPU.Build.0 = Release|Any CPU
	EndGlobalSection
	GlobalSection(SolutionProperties) = preSolution
		HideSolutionNode = FALSE
	EndGlobalSection
	GlobalSection(ExtensibilityGlobals) = postSolution
		SolutionGuid = {7F37327E-F8F6-481A-9A8B-93F7659A69D8}
	EndGlobalSection
EndGlobal
